
Microsoft Visual Studio Solution File, Format Version 12.00
# Visual Studio Version 17
VisualStudioVersion = 17.9.34728.123
MinimumVisualStudioVersion = 10.0.40219.1
Project("{FAE04EC0-301F-11D3-BF4B-00C04F79EFBC}") = "PanelSemiLib", "PanelSemiLib\PanelSemiLib.csproj", "{C0A48408-9FFA-4317-B936-D9EF97325D28}"
EndProject
Global
	GlobalSection(SolutionConfigurationPlatforms) = preSolution
		Debug|Any CPU = Debug|Any CPU
		Release|Any CPU = Release|Any CPU
	EndGlobalSection
	GlobalSection(ProjectConfigurationPlatforms) = postSolution
		{C0A48408-9FFA-4317-B936-D9EF97325D28}.Debug|Any CPU.ActiveCfg = Debug|Any CPU
		{C0A48408-9FFA-4317-B936-D9EF97325D28}.Debug|Any CPU.Build.0 = Debug|Any CPU
		{C0A48408-9FFA-4317-B936-D9EF97325D28}.Release|Any CPU.ActiveCfg = Release|Any CPU
		{C0A48408-9FFA-4317-B936-D9EF97325D28}.Release|Any CPU.Build.0 = Release|Any CPU
	EndGlobalSection
	GlobalSection(SolutionProperties) = preSolution
		HideSolutionNode = FALSE
	EndGlobalSection
	GlobalSection(ExtensibilityGlobals) = postSolution
		SolutionGuid = {E6B25C55-5734-44A2-B2EC-6D3FA6317DF8}
	EndGlobalSection
EndGlobal
